
Microsoft Visual Studio Solution File, Format Version 12.00
# Visual Studio Version 17
VisualStudioVersion = 17.0.31903.59
MinimumVisualStudioVersion = 10.0.40219.1
Project("{FAE04EC0-301F-11D3-BF4B-00C04F79EFBC}") = "MedicalServices.Api", "MedicalServices.Api\MedicalServices.Api.csproj", "{91EF2C75-B3FB-4F52-83DC-B0907ED2D7F6}"
EndProject
Project("{FAE04EC0-301F-11D3-BF4B-00C04F79EFBC}") = "MedicalServices.Application", "MedicalServices.Application\MedicalServices.Application.csproj", "{5B4764E3-DDC3-42EF-A2F3-017921B2E95F}"
EndProject
Project("{FAE04EC0-301F-11D3-BF4B-00C04F79EFBC}") = "MedicalServices.Contracts", "MedicalServices.Contracts\MedicalServices.Contracts.csproj", "{02132190-D13A-42D9-9DDD-C4D52525D001}"
EndProject
Project("{FAE04EC0-301F-11D3-BF4B-00C04F79EFBC}") = "MedicalServices.Domain", "MedicalServices.Domain\MedicalServices.Domain.csproj", "{A0CAFE33-CB59-4C80-8C51-750D77B0AAC5}"
EndProject
Project("{FAE04EC0-301F-11D3-BF4B-00C04F79EFBC}") = "MedicalServices.Infrastructure", "MedicalServices.Infrastructure\MedicalServices.Infrastructure.csproj", "{E22BABC5-437C-45E1-820E-9845E27B1C54}"
EndProject
Project("{FAE04EC0-301F-11D3-BF4B-00C04F79EFBC}") = "MedicalServices.Persistence", "MedicalServices.Persistence\MedicalServices.Persistence.csproj", "{77AE823B-08CD-446A-947D-6D7E68B6F59C}"
EndProject
Global
	GlobalSection(SolutionConfigurationPlatforms) = preSolution
		Debug|Any CPU = Debug|Any CPU
		Release|Any CPU = Release|Any CPU
	EndGlobalSection
	GlobalSection(SolutionProperties) = preSolution
		HideSolutionNode = FALSE
	EndGlobalSection
	GlobalSection(ProjectConfigurationPlatforms) = postSolution
		{91EF2C75-B3FB-4F52-83DC-B0907ED2D7F6}.Debug|Any CPU.ActiveCfg = Debug|Any CPU
		{91EF2C75-B3FB-4F52-83DC-B0907ED2D7F6}.Debug|Any CPU.Build.0 = Debug|Any CPU
		{91EF2C75-B3FB-4F52-83DC-B0907ED2D7F6}.Release|Any CPU.ActiveCfg = Release|Any CPU
		{91EF2C75-B3FB-4F52-83DC-B0907ED2D7F6}.Release|Any CPU.Build.0 = Release|Any CPU
		{5B4764E3-DDC3-42EF-A2F3-017921B2E95F}.Debug|Any CPU.ActiveCfg = Debug|Any CPU
		{5B4764E3-DDC3-42EF-A2F3-017921B2E95F}.Debug|Any CPU.Build.0 = Debug|Any CPU
		{5B4764E3-DDC3-42EF-A2F3-017921B2E95F}.Release|Any CPU.ActiveCfg = Release|Any CPU
		{5B4764E3-DDC3-42EF-A2F3-017921B2E95F}.Release|Any CPU.Build.0 = Release|Any CPU
		{02132190-D13A-42D9-9DDD-C4D52525D001}.Debug|Any CPU.ActiveCfg = Debug|Any CPU
		{02132190-D13A-42D9-9DDD-C4D52525D001}.Debug|Any CPU.Build.0 = Debug|Any CPU
		{02132190-D13A-42D9-9DDD-C4D52525D001}.Release|Any CPU.ActiveCfg = Release|Any CPU
		{02132190-D13A-42D9-9DDD-C4D52525D001}.Release|Any CPU.Build.0 = Release|Any CPU
		{A0CAFE33-CB59-4C80-8C51-750D77B0AAC5}.Debug|Any CPU.ActiveCfg = Debug|Any CPU
		{A0CAFE33-CB59-4C80-8C51-750D77B0AAC5}.Debug|Any CPU.Build.0 = Debug|Any CPU
		{A0CAFE33-CB59-4C80-8C51-750D77B0AAC5}.Release|Any CPU.ActiveCfg = Release|Any CPU
		{A0CAFE33-CB59-4C80-8C51-750D77B0AAC5}.Release|Any CPU.Build.0 = Release|Any CPU
		{E22BABC5-437C-45E1-820E-9845E27B1C54}.Debug|Any CPU.ActiveCfg = Debug|Any CPU
		{E22BABC5-437C-45E1-820E-9845E27B1C54}.Debug|Any CPU.Build.0 = Debug|Any CPU
		{E22BABC5-437C-45E1-820E-9845E27B1C54}.Release|Any CPU.ActiveCfg = Release|Any CPU
		{E22BABC5-437C-45E1-820E-9845E27B1C54}.Release|Any CPU.Build.0 = Release|Any CPU
		{77AE823B-08CD-446A-947D-6D7E68B6F59C}.Debug|Any CPU.ActiveCfg = Debug|Any CPU
		{77AE823B-08CD-446A-947D-6D7E68B6F59C}.Debug|Any CPU.Build.0 = Debug|Any CPU
		{77AE823B-08CD-446A-947D-6D7E68B6F59C}.Release|Any CPU.ActiveCfg = Release|Any CPU
		{77AE823B-08CD-446A-947D-6D7E68B6F59C}.Release|Any CPU.Build.0 = Release|Any CPU
	EndGlobalSection
EndGlobal
